
Microsoft Visual Studio Solution File, Format Version 12.00
# Visual Studio 14
VisualStudioVersion = 14.0.25420.1
MinimumVisualStudioVersion = 10.0.40219.1
Project("{FAE04EC0-301F-11D3-BF4B-00C04F79EFBC}") = "Net-lab 2-3", "Net-labs\Net-lab 2-3.csproj", "{65FF49AC-DE37-4089-B0E0-5BD10CB6A632}"
EndProject
Project("{FAE04EC0-301F-11D3-BF4B-00C04F79EFBC}") = "Net-lab-4", "Net-lab-4\Net-lab-4.csproj", "{63AB67D3-FB63-4C69-A40E-AA1397798145}"
EndProject
Project("{FAE04EC0-301F-11D3-BF4B-00C04F79EFBC}") = "Net-lab-5", "Net-lab-5\Net-lab-5.csproj", "{1F71EB87-9584-4B2C-8B0A-6A05D7AB8075}"
EndProject
Project("{FAE04EC0-301F-11D3-BF4B-00C04F79EFBC}") = "Net-lab-7", "Net-lab-6\Net-lab-7.csproj", "{BB79158E-54BB-4245-B8B3-F6F2F1835C43}"
EndProject
Project("{FAE04EC0-301F-11D3-BF4B-00C04F79EFBC}") = "Net-lab-8", "Net-lab-8\Net-lab-8.csproj", "{213C3B56-35CA-4F31-A35F-3243EDE78D3A}"
EndProject
Project("{FAE04EC0-301F-11D3-BF4B-00C04F79EFBC}") = "just-test", "just-test\just-test.csproj", "{A12B6A52-4511-46A0-AB87-F94D7F742A1A}"
EndProject
Project("{FAE04EC0-301F-11D3-BF4B-00C04F79EFBC}") = "Extension-methods", "Extension-methods\Extension-methods.csproj", "{0A8C9113-0BDB-443F-AA4D-2FF468D4C1FA}"
EndProject
Project("{FAE04EC0-301F-11D3-BF4B-00C04F79EFBC}") = "Extension-methods-2", "Extension-methods-2\Extension-methods-2.csproj", "{CB1EBCF9-A574-4192-933B-A5CA25E8BB5F}"
EndProject
Project("{FAE04EC0-301F-11D3-BF4B-00C04F79EFBC}") = "delegates", "delegates\delegates.csproj", "{511044B9-74CB-4F10-AC79-C578A91E0366}"
EndProject
Project("{FAE04EC0-301F-11D3-BF4B-00C04F79EFBC}") = "Events", "Events\Events.csproj", "{F16EE0FC-BB5F-49F0-8FF1-ECEEA5EEB2EB}"
EndProject
Project("{FAE04EC0-301F-11D3-BF4B-00C04F79EFBC}") = "anonymous-methods", "anonymous-methods\anonymous-methods.csproj", "{B07E2F62-2EE7-457C-A7EF-0FCBCB842A57}"
EndProject
Project("{FAE04EC0-301F-11D3-BF4B-00C04F79EFBC}") = "anonymous-methods2", "anonymous-methods2\anonymous-methods2.csproj", "{3EE4107C-D772-4C8E-A68A-A0036358A6F3}"
EndProject
Project("{FAE04EC0-301F-11D3-BF4B-00C04F79EFBC}") = "ado-net-winforms", "ado-net-winforms\ado-net-winforms.csproj", "{CDB1E31C-FFD5-4FFA-A2E0-2027D4981C0B}"
EndProject
Project("{FAE04EC0-301F-11D3-BF4B-00C04F79EFBC}") = "Validation1", "Validation1\Validation1.csproj", "{DB25F006-58F5-4880-883A-C662E8123546}"
EndProject
Project("{FAE04EC0-301F-11D3-BF4B-00C04F79EFBC}") = "test3", "test3\test3.csproj", "{1BC1EE88-878B-4076-AF0A-CE94776E9799}"
EndProject
Global
	GlobalSection(SolutionConfigurationPlatforms) = preSolution
		Debug|Any CPU = Debug|Any CPU
		Release|Any CPU = Release|Any CPU
	EndGlobalSection
	GlobalSection(ProjectConfigurationPlatforms) = postSolution
		{65FF49AC-DE37-4089-B0E0-5BD10CB6A632}.Debug|Any CPU.ActiveCfg = Debug|Any CPU
		{65FF49AC-DE37-4089-B0E0-5BD10CB6A632}.Debug|Any CPU.Build.0 = Debug|Any CPU
		{65FF49AC-DE37-4089-B0E0-5BD10CB6A632}.Release|Any CPU.ActiveCfg = Release|Any CPU
		{65FF49AC-DE37-4089-B0E0-5BD10CB6A632}.Release|Any CPU.Build.0 = Release|Any CPU
		{63AB67D3-FB63-4C69-A40E-AA1397798145}.Debug|Any CPU.ActiveCfg = Debug|Any CPU
		{63AB67D3-FB63-4C69-A40E-AA1397798145}.Debug|Any CPU.Build.0 = Debug|Any CPU
		{63AB67D3-FB63-4C69-A40E-AA1397798145}.Release|Any CPU.ActiveCfg = Release|Any CPU
		{63AB67D3-FB63-4C69-A40E-AA1397798145}.Release|Any CPU.Build.0 = Release|Any CPU
		{1F71EB87-9584-4B2C-8B0A-6A05D7AB8075}.Debug|Any CPU.ActiveCfg = Debug|Any CPU
		{1F71EB87-9584-4B2C-8B0A-6A05D7AB8075}.Debug|Any CPU.Build.0 = Debug|Any CPU
		{1F71EB87-9584-4B2C-8B0A-6A05D7AB8075}.Release|Any CPU.ActiveCfg = Release|Any CPU
		{1F71EB87-9584-4B2C-8B0A-6A05D7AB8075}.Release|Any CPU.Build.0 = Release|Any CPU
		{BB79158E-54BB-4245-B8B3-F6F2F1835C43}.Debug|Any CPU.ActiveCfg = Debug|Any CPU
		{BB79158E-54BB-4245-B8B3-F6F2F1835C43}.Debug|Any CPU.Build.0 = Debug|Any CPU
		{BB79158E-54BB-4245-B8B3-F6F2F1835C43}.Release|Any CPU.ActiveCfg = Release|Any CPU
		{BB79158E-54BB-4245-B8B3-F6F2F1835C43}.Release|Any CPU.Build.0 = Release|Any CPU
		{213C3B56-35CA-4F31-A35F-3243EDE78D3A}.Debug|Any CPU.ActiveCfg = Debug|Any CPU
		{213C3B56-35CA-4F31-A35F-3243EDE78D3A}.Debug|Any CPU.Build.0 = Debug|Any CPU
		{213C3B56-35CA-4F31-A35F-3243EDE78D3A}.Release|Any CPU.ActiveCfg = Release|Any CPU
		{213C3B56-35CA-4F31-A35F-3243EDE78D3A}.Release|Any CPU.Build.0 = Release|Any CPU
		{A12B6A52-4511-46A0-AB87-F94D7F742A1A}.Debug|Any CPU.ActiveCfg = Debug|Any CPU
		{A12B6A52-4511-46A0-AB87-F94D7F742A1A}.Debug|Any CPU.Build.0 = Debug|Any CPU
		{A12B6A52-4511-46A0-AB87-F94D7F742A1A}.Release|Any CPU.ActiveCfg = Release|Any CPU
		{A12B6A52-4511-46A0-AB87-F94D7F742A1A}.Release|Any CPU.Build.0 = Release|Any CPU
		{0A8C9113-0BDB-443F-AA4D-2FF468D4C1FA}.Debug|Any CPU.ActiveCfg = Debug|Any CPU
		{0A8C9113-0BDB-443F-AA4D-2FF468D4C1FA}.Debug|Any CPU.Build.0 = Debug|Any CPU
		{0A8C9113-0BDB-443F-AA4D-2FF468D4C1FA}.Release|Any CPU.ActiveCfg = Release|Any CPU
		{0A8C9113-0BDB-443F-AA4D-2FF468D4C1FA}.Release|Any CPU.Build.0 = Release|Any CPU
		{CB1EBCF9-A574-4192-933B-A5CA25E8BB5F}.Debug|Any CPU.ActiveCfg = Debug|Any CPU
		{CB1EBCF9-A574-4192-933B-A5CA25E8BB5F}.Debug|Any CPU.Build.0 = Debug|Any CPU
		{CB1EBCF9-A574-4192-933B-A5CA25E8BB5F}.Release|Any CPU.ActiveCfg = Release|Any CPU
		{CB1EBCF9-A574-4192-933B-A5CA25E8BB5F}.Release|Any CPU.Build.0 = Release|Any CPU
		{511044B9-74CB-4F10-AC79-C578A91E0366}.Debug|Any CPU.ActiveCfg = Debug|Any CPU
		{511044B9-74CB-4F10-AC79-C578A91E0366}.Debug|Any CPU.Build.0 = Debug|Any CPU
		{511044B9-74CB-4F10-AC79-C578A91E0366}.Release|Any CPU.ActiveCfg = Release|Any CPU
		{511044B9-74CB-4F10-AC79-C578A91E0366}.Release|Any CPU.Build.0 = Release|Any CPU
		{F16EE0FC-BB5F-49F0-8FF1-ECEEA5EEB2EB}.Debug|Any CPU.ActiveCfg = Debug|Any CPU
		{F16EE0FC-BB5F-49F0-8FF1-ECEEA5EEB2EB}.Debug|Any CPU.Build.0 = Debug|Any CPU
		{F16EE0FC-BB5F-49F0-8FF1-ECEEA5EEB2EB}.Release|Any CPU.ActiveCfg = Release|Any CPU
		{F16EE0FC-BB5F-49F0-8FF1-ECEEA5EEB2EB}.Release|Any CPU.Build.0 = Release|Any CPU
		{B07E2F62-2EE7-457C-A7EF-0FCBCB842A57}.Debug|Any CPU.ActiveCfg = Debug|Any CPU
		{B07E2F62-2EE7-457C-A7EF-0FCBCB842A57}.Debug|Any CPU.Build.0 = Debug|Any CPU
		{B07E2F62-2EE7-457C-A7EF-0FCBCB842A57}.Release|Any CPU.ActiveCfg = Release|Any CPU
		{B07E2F62-2EE7-457C-A7EF-0FCBCB842A57}.Release|Any CPU.Build.0 = Release|Any CPU
		{3EE4107C-D772-4C8E-A68A-A0036358A6F3}.Debug|Any CPU.ActiveCfg = Debug|Any CPU
		{3EE4107C-D772-4C8E-A68A-A0036358A6F3}.Debug|Any CPU.Build.0 = Debug|Any CPU
		{3EE4107C-D772-4C8E-A68A-A0036358A6F3}.Release|Any CPU.ActiveCfg = Release|Any CPU
		{3EE4107C-D772-4C8E-A68A-A0036358A6F3}.Release|Any CPU.Build.0 = Release|Any CPU
		{CDB1E31C-FFD5-4FFA-A2E0-2027D4981C0B}.Debug|Any CPU.ActiveCfg = Debug|Any CPU
		{CDB1E31C-FFD5-4FFA-A2E0-2027D4981C0B}.Debug|Any CPU.Build.0 = Debug|Any CPU
		{CDB1E31C-FFD5-4FFA-A2E0-2027D4981C0B}.Release|Any CPU.ActiveCfg = Release|Any CPU
		{CDB1E31C-FFD5-4FFA-A2E0-2027D4981C0B}.Release|Any CPU.Build.0 = Release|Any CPU
		{DB25F006-58F5-4880-883A-C662E8123546}.Debug|Any CPU.ActiveCfg = Debug|Any CPU
		{DB25F006-58F5-4880-883A-C662E8123546}.Debug|Any CPU.Build.0 = Debug|Any CPU
		{DB25F006-58F5-4880-883A-C662E8123546}.Release|Any CPU.ActiveCfg = Release|Any CPU
		{DB25F006-58F5-4880-883A-C662E8123546}.Release|Any CPU.Build.0 = Release|Any CPU
		{1BC1EE88-878B-4076-AF0A-CE94776E9799}.Debug|Any CPU.ActiveCfg = Debug|Any CPU
		{1BC1EE88-878B-4076-AF0A-CE94776E9799}.Debug|Any CPU.Build.0 = Debug|Any CPU
		{1BC1EE88-878B-4076-AF0A-CE94776E9799}.Release|Any CPU.ActiveCfg = Release|Any CPU
		{1BC1EE88-878B-4076-AF0A-CE94776E9799}.Release|Any CPU.Build.0 = Release|Any CPU
	EndGlobalSection
	GlobalSection(SolutionProperties) = preSolution
		HideSolutionNode = FALSE
	EndGlobalSection
EndGlobal
