
Microsoft Visual Studio Solution File, Format Version 12.00
# Visual Studio 14
VisualStudioVersion = 14.0.25420.1
MinimumVisualStudioVersion = 10.0.40219.1
Project("{FAE04EC0-301F-11D3-BF4B-00C04F79EFBC}") = "Net-lab 2-3", "Net-labs\Net-lab 2-3.csproj", "{65FF49AC-DE37-4089-B0E0-5BD10CB6A632}"
EndProject
Project("{FAE04EC0-301F-11D3-BF4B-00C04F79EFBC}") = "Net-lab-4", "Net-lab-4\Net-lab-4.csproj", "{63AB67D3-FB63-4C69-A40E-AA1397798145}"
EndProject
Project("{FAE04EC0-301F-11D3-BF4B-00C04F79EFBC}") = "Net-lab-5", "Net-lab-5\Net-lab-5.csproj", "{1F71EB87-9584-4B2C-8B0A-6A05D7AB8075}"
EndProject
Project("{FAE04EC0-301F-11D3-BF4B-00C04F79EFBC}") = "Net-lab-7", "Net-lab-6\Net-lab-7.csproj", "{BB79158E-54BB-4245-B8B3-F6F2F1835C43}"
EndProject
Project("{FAE04EC0-301F-11D3-BF4B-00C04F79EFBC}") = "Net-lab-8", "Net-lab-8\Net-lab-8.csproj", "{213C3B56-35CA-4F31-A35F-3243EDE78D3A}"
EndProject
Project("{FAE04EC0-301F-11D3-BF4B-00C04F79EFBC}") = "just-test", "just-test\just-test.csproj", "{A12B6A52-4511-46A0-AB87-F94D7F742A1A}"
EndProject
Project("{FAE04EC0-301F-11D3-BF4B-00C04F79EFBC}") = "Extension-methods", "Extension-methods\Extension-methods.csproj", "{0A8C9113-0BDB-443F-AA4D-2FF468D4C1FA}"
EndProject
Project("{FAE04EC0-301F-11D3-BF4B-00C04F79EFBC}") = "Extension-methods-2", "Extension-methods-2\Extension-methods-2.csproj", "{CB1EBCF9-A574-4192-933B-A5CA25E8BB5F}"
EndProject
Project("{FAE04EC0-301F-11D3-BF4B-00C04F79EFBC}") = "delegates", "delegates\delegates.csproj", "{511044B9-74CB-4F10-AC79-C578A91E0366}"
EndProject
Global
	GlobalSection(SolutionConfigurationPlatforms) = preSolution
		Debug|Any CPU = Debug|Any CPU
		Release|Any CPU = Release|Any CPU
	EndGlobalSection
	GlobalSection(ProjectConfigurationPlatforms) = postSolution
		{65FF49AC-DE37-4089-B0E0-5BD10CB6A632}.Debug|Any CPU.ActiveCfg = Debug|Any CPU
		{65FF49AC-DE37-4089-B0E0-5BD10CB6A632}.Debug|Any CPU.Build.0 = Debug|Any CPU
		{65FF49AC-DE37-4089-B0E0-5BD10CB6A632}.Release|Any CPU.ActiveCfg = Release|Any CPU
		{65FF49AC-DE37-4089-B0E0-5BD10CB6A632}.Release|Any CPU.Build.0 = Release|Any CPU
		{63AB67D3-FB63-4C69-A40E-AA1397798145}.Debug|Any CPU.ActiveCfg = Debug|Any CPU
		{63AB67D3-FB63-4C69-A40E-AA1397798145}.Debug|Any CPU.Build.0 = Debug|Any CPU
		{63AB67D3-FB63-4C69-A40E-AA1397798145}.Release|Any CPU.ActiveCfg = Release|Any CPU
		{63AB67D3-FB63-4C69-A40E-AA1397798145}.Release|Any CPU.Build.0 = Release|Any CPU
		{1F71EB87-9584-4B2C-8B0A-6A05D7AB8075}.Debug|Any CPU.ActiveCfg = Debug|Any CPU
		{1F71EB87-9584-4B2C-8B0A-6A05D7AB8075}.Debug|Any CPU.Build.0 = Debug|Any CPU
		{1F71EB87-9584-4B2C-8B0A-6A05D7AB8075}.Release|Any CPU.ActiveCfg = Release|Any CPU
		{1F71EB87-9584-4B2C-8B0A-6A05D7AB8075}.Release|Any CPU.Build.0 = Release|Any CPU
		{BB79158E-54BB-4245-B8B3-F6F2F1835C43}.Debug|Any CPU.ActiveCfg = Debug|Any CPU
		{BB79158E-54BB-4245-B8B3-F6F2F1835C43}.Debug|Any CPU.Build.0 = Debug|Any CPU
		{BB79158E-54BB-4245-B8B3-F6F2F1835C43}.Release|Any CPU.ActiveCfg = Release|Any CPU
		{BB79158E-54BB-4245-B8B3-F6F2F1835C43}.Release|Any CPU.Build.0 = Release|Any CPU
		{213C3B56-35CA-4F31-A35F-3243EDE78D3A}.Debug|Any CPU.ActiveCfg = Debug|Any CPU
		{213C3B56-35CA-4F31-A35F-3243EDE78D3A}.Debug|Any CPU.Build.0 = Debug|Any CPU
		{213C3B56-35CA-4F31-A35F-3243EDE78D3A}.Release|Any CPU.ActiveCfg = Release|Any CPU
		{213C3B56-35CA-4F31-A35F-3243EDE78D3A}.Release|Any CPU.Build.0 = Release|Any CPU
		{A12B6A52-4511-46A0-AB87-F94D7F742A1A}.Debug|Any CPU.ActiveCfg = Debug|Any CPU
		{A12B6A52-4511-46A0-AB87-F94D7F742A1A}.Debug|Any CPU.Build.0 = Debug|Any CPU
		{A12B6A52-4511-46A0-AB87-F94D7F742A1A}.Release|Any CPU.ActiveCfg = Release|Any CPU
		{A12B6A52-4511-46A0-AB87-F94D7F742A1A}.Release|Any CPU.Build.0 = Release|Any CPU
		{0A8C9113-0BDB-443F-AA4D-2FF468D4C1FA}.Debug|Any CPU.ActiveCfg = Debug|Any CPU
		{0A8C9113-0BDB-443F-AA4D-2FF468D4C1FA}.Debug|Any CPU.Build.0 = Debug|Any CPU
		{0A8C9113-0BDB-443F-AA4D-2FF468D4C1FA}.Release|Any CPU.ActiveCfg = Release|Any CPU
		{0A8C9113-0BDB-443F-AA4D-2FF468D4C1FA}.Release|Any CPU.Build.0 = Release|Any CPU
		{CB1EBCF9-A574-4192-933B-A5CA25E8BB5F}.Debug|Any CPU.ActiveCfg = Debug|Any CPU
		{CB1EBCF9-A574-4192-933B-A5CA25E8BB5F}.Debug|Any CPU.Build.0 = Debug|Any CPU
		{CB1EBCF9-A574-4192-933B-A5CA25E8BB5F}.Release|Any CPU.ActiveCfg = Release|Any CPU
		{CB1EBCF9-A574-4192-933B-A5CA25E8BB5F}.Release|Any CPU.Build.0 = Release|Any CPU
		{511044B9-74CB-4F10-AC79-C578A91E0366}.Debug|Any CPU.ActiveCfg = Debug|Any CPU
		{511044B9-74CB-4F10-AC79-C578A91E0366}.Debug|Any CPU.Build.0 = Debug|Any CPU
		{511044B9-74CB-4F10-AC79-C578A91E0366}.Release|Any CPU.ActiveCfg = Release|Any CPU
		{511044B9-74CB-4F10-AC79-C578A91E0366}.Release|Any CPU.Build.0 = Release|Any CPU
	EndGlobalSection
	GlobalSection(SolutionProperties) = preSolution
		HideSolutionNode = FALSE
	EndGlobalSection
EndGlobal
